{
  "name": "WebsocketDemo",
  "version": "0.1.0",
  "lockfileVersion": 1,
  "requires": true,
  "dependencies": {
    "@types/node": {
      "version": "8.10.59",
      "resolved": "https://registry.npmjs.org/@types/node/-/node-8.10.59.tgz",
      "integrity": "sha512-8RkBivJrDCyPpBXhVZcjh7cQxVBSmRk9QM7hOketZzp6Tg79c0N8kkpAIito9bnJ3HCVCHVYz+KHTEbfQNfeVQ=="
    },
    "@types/ws": {
      "version": "7.2.3",
      "resolved": "https://registry.npmjs.org/@types/ws/-/ws-7.2.3.tgz",
      "integrity": "sha512-VT/GK7nvDA7lfHy40G3LKM+ICqmdIsBLBHGXcWD97MtqQEjNMX+7Gudo8YGpaSlYdTX7IFThhCE8Jx09HegymQ=="
    },
    "ts-node": {
      "version": "8.8.2",
      "resolved": "https://registry.npmjs.org/ts-node/-/ts-node-8.8.2.tgz",
      "integrity": "sha512-duVj6BpSpUpD/oM4MfhO98ozgkp3Gt9qIp3jGxwU2DFvl/3IRaEAvbLa8G60uS7C77457e/m5TMowjedeRxI1Q=="
    },
    "typescript": {
      "version": "3.8.3",
      "resolved": "https://registry.npmjs.org/typescript/-/typescript-3.8.3.tgz",
      "integrity": "sha512-MYlEfn5VrLNsgudQTVJeNaQFUAI7DkhnOjdpAp4T+ku1TfQClewlbSuTVHiA+8skNBgaf02TL/kLOvig4y3G8w=="
    },
    "ws": {
      "version": "7.4.6",
      "resolved": "https://registry.npmjs.org/ws/-/ws-7.4.6.tgz",
      "integrity": "sha512-YmhHDO4MzaDLB+M9ym/mDA5z0naX8j7SIlT8f8z+I0VtzsRbekxEutHSme7NPS2qE8StCYQNUnfWdXta/Yu85A=="
    }
  }
}
